
Microsoft Visual Studio Solution File, Format Version 12.00
# Visual Studio Version 16
VisualStudioVersion = 16.0.31605.320
MinimumVisualStudioVersion = 10.0.40219.1
Project("{FAE04EC0-301F-11D3-BF4B-00C04F79EFBC}") = "PRACTICAAAAA", "PRACTICAAAAA\PRACTICAAAAA.csproj", "{337AD7F9-F26C-4E82-82C9-C7162CA77505}"
EndProject
Project("{FAE04EC0-301F-11D3-BF4B-00C04F79EFBC}") = "PRACTICA", "..\..\Imágenes\PRACTICA\PRACTICA.csproj", "{A0F0AFBB-6775-4E39-A909-85EFAF71338B}"
EndProject
Global
	GlobalSection(SolutionConfigurationPlatforms) = preSolution
		Debug|Any CPU = Debug|Any CPU
		Release|Any CPU = Release|Any CPU
	EndGlobalSection
	GlobalSection(ProjectConfigurationPlatforms) = postSolution
		{337AD7F9-F26C-4E82-82C9-C7162CA77505}.Debug|Any CPU.ActiveCfg = Debug|Any CPU
		{337AD7F9-F26C-4E82-82C9-C7162CA77505}.Debug|Any CPU.Build.0 = Debug|Any CPU
		{337AD7F9-F26C-4E82-82C9-C7162CA77505}.Release|Any CPU.ActiveCfg = Release|Any CPU
		{337AD7F9-F26C-4E82-82C9-C7162CA77505}.Release|Any CPU.Build.0 = Release|Any CPU
		{A0F0AFBB-6775-4E39-A909-85EFAF71338B}.Debug|Any CPU.ActiveCfg = Debug|Any CPU
		{A0F0AFBB-6775-4E39-A909-85EFAF71338B}.Debug|Any CPU.Build.0 = Debug|Any CPU
		{A0F0AFBB-6775-4E39-A909-85EFAF71338B}.Release|Any CPU.ActiveCfg = Release|Any CPU
		{A0F0AFBB-6775-4E39-A909-85EFAF71338B}.Release|Any CPU.Build.0 = Release|Any CPU
	EndGlobalSection
	GlobalSection(SolutionProperties) = preSolution
		HideSolutionNode = FALSE
	EndGlobalSection
	GlobalSection(ExtensibilityGlobals) = postSolution
		SolutionGuid = {FEF2DD73-467C-4E0E-8A75-363CB0AF8DE6}
	EndGlobalSection
EndGlobal
